PODS:
  - FBSDKCoreKit (5.15.1):
    - FBSDKCoreKit/Basics (= 5.15.1)
    - FBSDKCoreKit/Core (= 5.15.1)
  - FBSDKCoreKit/Basics (5.15.1)
  - FBSDKCoreKit/Core (5.15.1):
    - FBSDKCoreKit/Basics
  - FBSDKLoginKit (5.15.1):
    - FBSDKLoginKit/Login (= 5.15.1)
  - FBSDKLoginKit/Login (5.15.1):
    - FBSDKCoreKit (~> 5.0)
  - Flutter (1.0.0)
  - flutter_facebook_login (0.0.1):
    - FBSDKCoreKit (~> 5.5)
    - FBSDKLoginKit (~> 5.5)
    - Flutter
  - flutter_mongo_stitch (0.0.1):
    - Flutter
    - StitchSDK (~> 6.1.0)
  - flutter_mongo_stitch_web (0.2.1):
    - Flutter
  - fluttertoast (0.0.2):
    - Flutter
  - google_sign_in (0.0.1):
    - Flutter
    - GoogleSignIn (~> 4.0)
  - google_sign_in_web (0.8.1):
    - Flutter
  - GoogleSignIn (4.4.0):
    - "GoogleToolboxForMac/NSDictionary+URLArguments (~> 2.1)"
    - "GoogleToolboxForMac/NSString+URLArguments (~> 2.1)"
    - GTMSessionFetcher/Core (~> 1.1)
  - GoogleToolboxForMac/DebugUtils (2.2.2):
    - GoogleToolboxForMac/Defines (= 2.2.2)
  - GoogleToolboxForMac/Defines (2.2.2)
  - "GoogleToolboxForMac/NSDictionary+URLArguments (2.2.2)":
    - GoogleToolboxForMac/DebugUtils (= 2.2.2)
    - GoogleToolboxForMac/Defines (= 2.2.2)
    - "GoogleToolboxForMac/NSString+URLArguments (= 2.2.2)"
  - "GoogleToolboxForMac/NSString+URLArguments (2.2.2)"
  - GTMSessionFetcher/Core (1.3.1)
  - mongo-embedded-c-driver (1.13.0-4.0.4)
  - mongo_embedded (4.0.4)
  - mongoc_embedded (4.0.4):
    - mongo-embedded-c-driver (~> 1.13.0-4.0.4)
    - mongo_embedded (~> 4.0.4)
  - MongoMobile (0.1.0):
    - mongo_embedded (~> 4.0.4)
    - mongoc_embedded (~> 4.0.4)
    - MongoSwift (~> 0.1.0)
  - MongoSwift (0.1.0):
    - mongo-embedded-c-driver (~> 1.13.0-4.0.0)
  - StitchCore (6.1.0):
    - StitchCoreSDK (= 6.1.0)
  - StitchCoreLocalMongoDBService (6.1.0):
    - MongoMobile (= 0.1.0)
    - StitchCoreSDK (= 6.1.0)
  - StitchCoreRemoteMongoDBService (6.1.0):
    - StitchCoreLocalMongoDBService (= 6.1.0)
    - StitchCoreSDK (= 6.1.0)
  - StitchCoreSDK (6.1.0):
    - MongoSwift (= 0.1.0)
  - StitchRemoteMongoDBService (6.1.0):
    - StitchCore (= 6.1.0)
    - StitchCoreRemoteMongoDBService (= 6.1.0)
  - StitchSDK (6.1.0):
    - StitchSDK/StitchSDK (= 6.1.0)
  - StitchSDK/StitchRemoteMongoDBService (6.1.0):
    - StitchRemoteMongoDBService (= 6.1.0)
  - StitchSDK/StitchSDK (6.1.0):
    - StitchSDK/StitchRemoteMongoDBService
  - streams_channel (0.0.1):
    - Flutter

DEPENDENCIES:
  - Flutter (from `Flutter`)
  - flutter_facebook_login (from `.symlinks/plugins/flutter_facebook_login/ios`)
  - flutter_mongo_stitch (from `.symlinks/plugins/flutter_mongo_stitch/ios`)
  - flutter_mongo_stitch_web (from `.symlinks/plugins/flutter_mongo_stitch_web/ios`)
  - fluttertoast (from `.symlinks/plugins/fluttertoast/ios`)
  - google_sign_in (from `.symlinks/plugins/google_sign_in/ios`)
  - google_sign_in_web (from `.symlinks/plugins/google_sign_in_web/ios`)
  - streams_channel (from `.symlinks/plugins/streams_channel/ios`)

SPEC REPOS:
  trunk:
    - FBSDKCoreKit
    - FBSDKLoginKit
    - GoogleSignIn
    - GoogleToolboxForMac
    - GTMSessionFetcher
    - mongo-embedded-c-driver
    - mongo_embedded
    - mongoc_embedded
    - MongoMobile
    - MongoSwift
    - StitchCore
    - StitchCoreLocalMongoDBService
    - StitchCoreRemoteMongoDBService
    - StitchCoreSDK
    - StitchRemoteMongoDBService
    - StitchSDK

EXTERNAL SOURCES:
  Flutter:
    :path: Flutter
  flutter_facebook_login:
    :path: ".symlinks/plugins/flutter_facebook_login/ios"
  flutter_mongo_stitch:
    :path: ".symlinks/plugins/flutter_mongo_stitch/ios"
  flutter_mongo_stitch_web:
    :path: ".symlinks/plugins/flutter_mongo_stitch_web/ios"
  fluttertoast:
    :path: ".symlinks/plugins/fluttertoast/ios"
  google_sign_in:
    :path: ".symlinks/plugins/google_sign_in/ios"
  google_sign_in_web:
    :path: ".symlinks/plugins/google_sign_in_web/ios"
  streams_channel:
    :path: ".symlinks/plugins/streams_channel/ios"

SPEC CHECKSUMS:
  FBSDKCoreKit: 1d5acf7c9d7a2f92bb1a242dc60cae5b7adb91df
  FBSDKLoginKit: f1ea8026a58b52d30c9f2e6a58ca7d813619fb83
  Flutter: 0e3d915762c693b495b44d77113d4970485de6ec
  flutter_facebook_login: cfb5659f686b1c575ef205c6b6fd20db9679d3c4
  flutter_mongo_stitch: c4034add09d7ade4dff599f936d1dab7f7ff6c02
  flutter_mongo_stitch_web: 0ac1d504a6607764c0940ad2d41b2b3787d66cd2
  fluttertoast: b644586ef3b16f67fae9a1f8754cef6b2d6b634b
  google_sign_in: 27e70a98b529f0b076d4b19f231b81da28b1750b
  google_sign_in_web: 52deb24929ac0992baff65c57956031c44ed44c3
  GoogleSignIn: 7ff245e1a7b26d379099d3243a562f5747e23d39
  GoogleToolboxForMac: 800648f8b3127618c1b59c7f97684427630c5ea3
  GTMSessionFetcher: cea130bbfe5a7edc8d06d3f0d17288c32ffe9925
  mongo-embedded-c-driver: b46360baa15fc142baae80628822f26663220bde
  mongo_embedded: e413134eb6b60544e7278add03007f8fe384a00c
  mongoc_embedded: 41aadbb756b07070d6f0471192a84750cb42c580
  MongoMobile: 988e8d2fd322761d6358570dde8a2b3d44801823
  MongoSwift: e20f86eae1beb06bbba49c2d73bb570961cc4c85
  StitchCore: 997a2163b4ebf661dd3e92a4be08391acf078659
  StitchCoreLocalMongoDBService: 2dfa73e67f906dca07b52612bdae197eb42e1e07
  StitchCoreRemoteMongoDBService: 2987e9de1d8c6e55234feaa76ddd0712a935e6cf
  StitchCoreSDK: 2c789433bd72429b4a39d8d481008037bc8bb4d4
  StitchRemoteMongoDBService: 7a3fb5e8e6d74e98e303f52b0af0cf246d07b9bf
  StitchSDK: f534f7db2d3b0f29d30a8fe0b010bf92ec65e385
  streams_channel: 16855ffd0568eded9563b2fec6a1bfa94420b353

PODFILE CHECKSUM: 73d69d282a87aa0aafabdecb47f632fc347a9aac

COCOAPODS: 1.8.4
